
Microsoft Visual Studio Solution File, Format Version 12.00
# Visual Studio 2013
VisualStudioVersion = 12.0.21005.1
MinimumVisualStudioVersion = 10.0.40219.1
Project("{FAE04EC0-301F-11D3-BF4B-00C04F79EFBC}") = "MyBudget.UI", "MyBudget.UI\MyBudget.UI.csproj", "{759F6016-11B9-416A-ADA9-8ABBC69D15F8}"
EndProject
Project("{FAE04EC0-301F-11D3-BF4B-00C04F79EFBC}") = "MyBudget.Core", "MyBudget.Core\MyBudget.Core.csproj", "{FD061BEB-DAEB-4F6B-9E4A-3EB590ED9D51}"
EndProject
Project("{FAE04EC0-301F-11D3-BF4B-00C04F79EFBC}") = "MyBudget.Core.UnitTests", "MyBudget.Core.UnitTests\MyBudget.Core.UnitTests.csproj", "{382186EC-F640-4331-8B74-1741077B9BFD}"
EndProject
Project("{FAE04EC0-301F-11D3-BF4B-00C04F79EFBC}") = "MyBudget.UI.Accounts", "MyBudget.UI.Accounts\MyBudget.UI.Accounts.csproj", "{FA2FADC7-9DD1-49B8-A630-B21977114AFC}"
EndProject
Project("{FAE04EC0-301F-11D3-BF4B-00C04F79EFBC}") = "MyBudget.UI.Core", "MyBudget.UI.Core\MyBudget.UI.Core.csproj", "{F2CC466B-4F35-47CC-8305-BDCF6F5D71D6}"
EndProject
Global
	GlobalSection(SolutionConfigurationPlatforms) = preSolution
		Debug|Any CPU = Debug|Any CPU
		Release|Any CPU = Release|Any CPU
	EndGlobalSection
	GlobalSection(ProjectConfigurationPlatforms) = postSolution
		{759F6016-11B9-416A-ADA9-8ABBC69D15F8}.Debug|Any CPU.ActiveCfg = Debug|Any CPU
		{759F6016-11B9-416A-ADA9-8ABBC69D15F8}.Debug|Any CPU.Build.0 = Debug|Any CPU
		{759F6016-11B9-416A-ADA9-8ABBC69D15F8}.Release|Any CPU.ActiveCfg = Release|Any CPU
		{759F6016-11B9-416A-ADA9-8ABBC69D15F8}.Release|Any CPU.Build.0 = Release|Any CPU
		{FD061BEB-DAEB-4F6B-9E4A-3EB590ED9D51}.Debug|Any CPU.ActiveCfg = Debug|Any CPU
		{FD061BEB-DAEB-4F6B-9E4A-3EB590ED9D51}.Debug|Any CPU.Build.0 = Debug|Any CPU
		{FD061BEB-DAEB-4F6B-9E4A-3EB590ED9D51}.Release|Any CPU.ActiveCfg = Release|Any CPU
		{FD061BEB-DAEB-4F6B-9E4A-3EB590ED9D51}.Release|Any CPU.Build.0 = Release|Any CPU
		{382186EC-F640-4331-8B74-1741077B9BFD}.Debug|Any CPU.ActiveCfg = Debug|Any CPU
		{382186EC-F640-4331-8B74-1741077B9BFD}.Debug|Any CPU.Build.0 = Debug|Any CPU
		{382186EC-F640-4331-8B74-1741077B9BFD}.Release|Any CPU.ActiveCfg = Release|Any CPU
		{382186EC-F640-4331-8B74-1741077B9BFD}.Release|Any CPU.Build.0 = Release|Any CPU
		{FA2FADC7-9DD1-49B8-A630-B21977114AFC}.Debug|Any CPU.ActiveCfg = Debug|Any CPU
		{FA2FADC7-9DD1-49B8-A630-B21977114AFC}.Debug|Any CPU.Build.0 = Debug|Any CPU
		{FA2FADC7-9DD1-49B8-A630-B21977114AFC}.Release|Any CPU.ActiveCfg = Release|Any CPU
		{FA2FADC7-9DD1-49B8-A630-B21977114AFC}.Release|Any CPU.Build.0 = Release|Any CPU
		{F2CC466B-4F35-47CC-8305-BDCF6F5D71D6}.Debug|Any CPU.ActiveCfg = Debug|Any CPU
		{F2CC466B-4F35-47CC-8305-BDCF6F5D71D6}.Debug|Any CPU.Build.0 = Debug|Any CPU
		{F2CC466B-4F35-47CC-8305-BDCF6F5D71D6}.Release|Any CPU.ActiveCfg = Release|Any CPU
		{F2CC466B-4F35-47CC-8305-BDCF6F5D71D6}.Release|Any CPU.Build.0 = Release|Any CPU
	EndGlobalSection
	GlobalSection(SolutionProperties) = preSolution
		HideSolutionNode = FALSE
	EndGlobalSection
EndGlobal
